// !$*UTF8*$!
{
	archiveVersion = 1;
	classes = {
	};
	objectVersion = 46;
	objects = {

/* Begin PBXBuildFile section */
		D28451081EBAD464003C2DCD /* main.m in Sources */ = {isa = PBXBuildFile; fileRef = D28451071EBAD464003C2DCD /* main.m */; };
		D284510B1EBAD464003C2DCD /* AppDelegate.m in Sources */ = {isa = PBXBuildFile; fileRef = D284510A1EBAD464003C2DCD /* AppDelegate.m */; };
		D284510E1EBAD464003C2DCD /* ViewController.m in Sources */ = {isa = PBXBuildFile; fileRef = D284510D1EBAD464003C2DCD /* ViewController.m */; };
		D28451111EBAD464003C2DCD /* Main.storyboard in Resources */ = {isa = PBXBuildFile; fileRef = D284510F1EBAD464003C2DCD /* Main.storyboard */; };
		D28451131EBAD464003C2DCD /* Assets.xcassets in Resources */ = {isa = PBXBuildFile; fileRef = D28451121EBAD464003C2DCD /* Assets.xcassets */; };
		D28451161EBAD464003C2DCD /* LaunchScreen.storyboard in Resources */ = {isa = PBXBuildFile; fileRef = D28451141EBAD464003C2DCD /* LaunchScreen.storyboard */; };
		D28451211EBAD464003C2DCD /* Hyphenate_CallTests.m in Sources */ = {isa = PBXBuildFile; fileRef = D28451201EBAD464003C2DCD /* Hyphenate_CallTests.m */; };
		D284512C1EBAD464003C2DCD /* Hyphenate_CallUITests.m in Sources */ = {isa = PBXBuildFile; fileRef = D284512B1EBAD464003C2DCD /* Hyphenate_CallUITests.m */; };
		D28451461EBAD475003C2DCD /* FZActionView.m in Sources */ = {isa = PBXBuildFile; fileRef = D284513B1EBAD475003C2DCD /* FZActionView.m */; };
		D28451471EBAD475003C2DCD /* FZCallController.m in Sources */ = {isa = PBXBuildFile; fileRef = D284513D1EBAD475003C2DCD /* FZCallController.m */; };
		D28451481EBAD475003C2DCD /* FZHelper.m in Sources */ = {isa = PBXBuildFile; fileRef = D284513F1EBAD475003C2DCD /* FZHelper.m */; };
		D28451491EBAD475003C2DCD /* FZMenuView.m in Sources */ = {isa = PBXBuildFile; fileRef = D28451411EBAD475003C2DCD /* FZMenuView.m */; };
		D284514A1EBAD475003C2DCD /* FZMenuViewController.m in Sources */ = {isa = PBXBuildFile; fileRef = D28451431EBAD475003C2DCD /* FZMenuViewController.m */; };
		D284514B1EBAD475003C2DCD /* FZTopView.m in Sources */ = {isa = PBXBuildFile; fileRef = D28451451EBAD475003C2DCD /* FZTopView.m */; };
		EB8B3B164A2D3442A19455AF /* libPods-Hyphenate_Call.a in Frameworks */ = {isa = PBXBuildFile; fileRef = C81DE1E7617583D9E50CC0B8 /* libPods-Hyphenate_Call.a */; };
/* End PBXBuildFile section */

/* Begin PBXContainerItemProxy section */
		D284511D1EBAD464003C2DCD /* PBXContainerItemProxy */ = {
			isa = PBXContainerItemProxy;
			containerPortal = D28450FB1EBAD464003C2DCD /* Project object */;
			proxyType = 1;
			remoteGlobalIDString = D28451021EBAD464003C2DCD;
			remoteInfo = Hyphenate_Call;
		};
		D28451281EBAD464003C2DCD /* PBXContainerItemProxy */ = {
			isa = PBXContainerItemProxy;
			containerPortal = D28450FB1EBAD464003C2DCD /* Project object */;
			proxyType = 1;
			remoteGlobalIDString = D28451021EBAD464003C2DCD;
			remoteInfo = Hyphenate_Call;
		};
/* End PBXContainerItemProxy section */

/* Begin PBXFileReference section */
		075A1C2D9969E11329EC9A4E /* Pods-Hyphenate_Call.release.xcconfig */ = {isa = PBXFileReference; includeInIndex = 1; lastKnownFileType = text.xcconfig; name = "Pods-Hyphenate_Call.release.xcconfig"; path = "Pods/Target Support Files/Pods-Hyphenate_Call/Pods-Hyphenate_Call.release.xcconfig"; sourceTree = "<group>"; };
		6271C83E2458DE854C880BFF /* Pods-Hyphenate_Call.debug.xcconfig */ = {isa = PBXFileReference; includeInIndex = 1; lastKnownFileType = text.xcconfig; name = "Pods-Hyphenate_Call.debug.xcconfig"; path = "Pods/Target Support Files/Pods-Hyphenate_Call/Pods-Hyphenate_Call.debug.xcconfig"; sourceTree = "<group>"; };
		C81DE1E7617583D9E50CC0B8 /* libPods-Hyphenate_Call.a */ = {isa = PBXFileReference; explicitFileType = archive.ar; includeInIndex = 0; path = "libPods-Hyphenate_Call.a"; sourceTree = BUILT_PRODUCTS_DIR; };
		D28451031EBAD464003C2DCD /* Hyphenate_Call.app */ = {isa = PBXFileReference; explicitFileType = wrapper.application; includeInIndex = 0; path = Hyphenate_Call.app; sourceTree = BUILT_PRODUCTS_DIR; };
		D28451071EBAD464003C2DCD /* main.m */ = {isa = PBXFileReference; lastKnownFileType = sourcecode.c.objc; path = main.m; sourceTree = "<group>"; };
		D28451091EBAD464003C2DCD /* AppDelegate.h */ = {isa = PBXFileReference; lastKnownFileType = sourcecode.c.h; path = AppDelegate.h; sourceTree = "<group>"; };
		D284510A1EBAD464003C2DCD /* AppDelegate.m */ = {isa = PBXFileReference; lastKnownFileType = sourcecode.c.objc; path = AppDelegate.m; sourceTree = "<group>"; };
		D284510C1EBAD464003C2DCD /* ViewController.h */ = {isa = PBXFileReference; lastKnownFileType = sourcecode.c.h; path = ViewController.h; sourceTree = "<group>"; };
		D284510D1EBAD464003C2DCD /* ViewController.m */ = {isa = PBXFileReference; lastKnownFileType = sourcecode.c.objc; path = ViewController.m; sourceTree = "<group>"; };
		D28451101EBAD464003C2DCD /* Base */ = {isa = PBXFileReference; lastKnownFileType = file.storyboard; name = Base; path = Base.lproj/Main.storyboard; sourceTree = "<group>"; };
		D28451121EBAD464003C2DCD /* Assets.xcassets */ = {isa = PBXFileReference; lastKnownFileType = folder.assetcatalog; path = Assets.xcassets; sourceTree = "<group>"; };
		D28451151EBAD464003C2DCD /* Base */ = {isa = PBXFileReference; lastKnownFileType = file.storyboard; name = Base; path = Base.lproj/LaunchScreen.storyboard; sourceTree = "<group>"; };
		D28451171EBAD464003C2DCD /* Info.plist */ = {isa = PBXFileReference; lastKnownFileType = text.plist.xml; path = Info.plist; sourceTree = "<group>"; };
		D284511C1EBAD464003C2DCD /* Hyphenate_CallTests.xctest */ = {isa = PBXFileReference; explicitFileType = wrapper.cfbundle; includeInIndex = 0; path = Hyphenate_CallTests.xctest; sourceTree = BUILT_PRODUCTS_DIR; };
		D28451201EBAD464003C2DCD /* Hyphenate_CallTests.m */ = {isa = PBXFileReference; lastKnownFileType = sourcecode.c.objc; path = Hyphenate_CallTests.m; sourceTree = "<group>"; };
		D28451221EBAD464003C2DCD /* Info.plist */ = {isa = PBXFileReference; lastKnownFileType = text.plist.xml; path = Info.plist; sourceTree = "<group>"; };
		D28451271EBAD464003C2DCD /* Hyphenate_CallUITests.xctest */ = {isa = PBXFileReference; explicitFileType = wrapper.cfbundle; includeInIndex = 0; path = Hyphenate_CallUITests.xctest; sourceTree = BUILT_PRODUCTS_DIR; };
		D284512B1EBAD464003C2DCD /* Hyphenate_CallUITests.m */ = {isa = PBXFileReference; lastKnownFileType = sourcecode.c.objc; path = Hyphenate_CallUITests.m; sourceTree = "<group>"; };
		D284512D1EBAD464003C2DCD /* Info.plist */ = {isa = PBXFileReference; lastKnownFileType = text.plist.xml; path = Info.plist; sourceTree = "<group>"; };
		D284513A1EBAD475003C2DCD /* FZActionView.h */ = {isa = PBXFileReference; fileEncoding = 4; lastKnownFileType = sourcecode.c.h; path = FZActionView.h; sourceTree = "<group>"; };
		D284513B1EBAD475003C2DCD /* FZActionView.m */ = {isa = PBXFileReference; fileEncoding = 4; lastKnownFileType = sourcecode.c.objc; path = FZActionView.m; sourceTree = "<group>"; };
		D284513C1EBAD475003C2DCD /* FZCallController.h */ = {isa = PBXFileReference; fileEncoding = 4; lastKnownFileType = sourcecode.c.h; path = FZCallController.h; sourceTree = "<group>"; };
		D284513D1EBAD475003C2DCD /* FZCallController.m */ = {isa = PBXFileReference; fileEncoding = 4; lastKnownFileType = sourcecode.c.objc; path = FZCallController.m; sourceTree = "<group>"; };
		D284513E1EBAD475003C2DCD /* FZHelper.h */ = {isa = PBXFileReference; fileEncoding = 4; lastKnownFileType = sourcecode.c.h; path = FZHelper.h; sourceTree = "<group>"; };
		D284513F1EBAD475003C2DCD /* FZHelper.m */ = {isa = PBXFileReference; fileEncoding = 4; lastKnownFileType = sourcecode.c.objc; path = FZHelper.m; sourceTree = "<group>"; };
		D28451401EBAD475003C2DCD /* FZMenuView.h */ = {isa = PBXFileReference; fileEncoding = 4; lastKnownFileType = sourcecode.c.h; path = FZMenuView.h; sourceTree = "<group>"; };
		D28451411EBAD475003C2DCD /* FZMenuView.m */ = {isa = PBXFileReference; fileEncoding = 4; lastKnownFileType = sourcecode.c.objc; path = FZMenuView.m; sourceTree = "<group>"; };
		D28451421EBAD475003C2DCD /* FZMenuViewController.h */ = {isa = PBXFileReference; fileEncoding = 4; lastKnownFileType = sourcecode.c.h; path = FZMenuViewController.h; sourceTree = "<group>"; };
		D28451431EBAD475003C2DCD /* FZMenuViewController.m */ = {isa = PBXFileReference; fileEncoding = 4; lastKnownFileType = sourcecode.c.objc; path = FZMenuViewController.m; sourceTree = "<group>"; };
		D28451441EBAD475003C2DCD /* FZTopView.h */ = {isa = PBXFileReference; fileEncoding = 4; lastKnownFileType = sourcecode.c.h; path = FZTopView.h; sourceTree = "<group>"; };
		D28451451EBAD475003C2DCD /* FZTopView.m */ = {isa = PBXFileReference; fileEncoding = 4; lastKnownFileType = sourcecode.c.objc; path = FZTopView.m; sourceTree = "<group>"; };
		D284514D1EBAD50F003C2DCD /* HyphenateCall.pch */ = {isa = PBXFileReference; fileEncoding = 4; lastKnownFileType = sourcecode.c.h; path = HyphenateCall.pch; sourceTree = "<group>"; };
/* End PBXFileReference section */

/* Begin PBXFrameworksBuildPhase section */
		D28451001EBAD464003C2DCD /* Frameworks */ = {
			isa = PBXFrameworksBuildPhase;
			buildActionMask = 2147483647;
			files = (
				EB8B3B164A2D3442A19455AF /* libPods-Hyphenate_Call.a in Frameworks */,
			);
			runOnlyForDeploymentPostprocessing = 0;
		};
		D28451191EBAD464003C2DCD /* Frameworks */ = {
			isa = PBXFrameworksBuildPhase;
			buildActionMask = 2147483647;
			files = (
			);
			runOnlyForDeploymentPostprocessing = 0;
		};
		D28451241EBAD464003C2DCD /* Frameworks */ = {
			isa = PBXFrameworksBuildPhase;
			buildActionMask = 2147483647;
			files = (
			);
			runOnlyForDeploymentPostprocessing = 0;
		};
/* End PBXFrameworksBuildPhase section */

/* Begin PBXGroup section */
		4D4B58CB45B817567B82C804 /* Pods */ = {
			isa = PBXGroup;
			children = (
				6271C83E2458DE854C880BFF /* Pods-Hyphenate_Call.debug.xcconfig */,
				075A1C2D9969E11329EC9A4E /* Pods-Hyphenate_Call.release.xcconfig */,
			);
			name = Pods;
			sourceTree = "<group>";
		};
		A378467403B071878B366F9A /* Frameworks */ = {
			isa = PBXGroup;
			children = (
				C81DE1E7617583D9E50CC0B8 /* libPods-Hyphenate_Call.a */,
			);
			name = Frameworks;
			sourceTree = "<group>";
		};
		D28450FA1EBAD464003C2DCD = {
			isa = PBXGroup;
			children = (
				D28451051EBAD464003C2DCD /* Hyphenate_Call */,
				D284511F1EBAD464003C2DCD /* Hyphenate_CallTests */,
				D284512A1EBAD464003C2DCD /* Hyphenate_CallUITests */,
				D28451041EBAD464003C2DCD /* Products */,
				4D4B58CB45B817567B82C804 /* Pods */,
				A378467403B071878B366F9A /* Frameworks */,
			);
			sourceTree = "<group>";
		};
		D28451041EBAD464003C2DCD /* Products */ = {
			isa = PBXGroup;
			children = (
				D28451031EBAD464003C2DCD /* Hyphenate_Call.app */,
				D284511C1EBAD464003C2DCD /* Hyphenate_CallTests.xctest */,
				D28451271EBAD464003C2DCD /* Hyphenate_CallUITests.xctest */,
			);
			name = Products;
			sourceTree = "<group>";
		};
		D28451051EBAD464003C2DCD /* Hyphenate_Call */ = {
			isa = PBXGroup;
			children = (
				D28451391EBAD475003C2DCD /* Call */,
				D28451091EBAD464003C2DCD /* AppDelegate.h */,
				D284510A1EBAD464003C2DCD /* AppDelegate.m */,
				D284510C1EBAD464003C2DCD /* ViewController.h */,
				D284510D1EBAD464003C2DCD /* ViewController.m */,
				D284510F1EBAD464003C2DCD /* Main.storyboard */,
				D28451121EBAD464003C2DCD /* Assets.xcassets */,
				D28451141EBAD464003C2DCD /* LaunchScreen.storyboard */,
				D28451171EBAD464003C2DCD /* Info.plist */,
				D28451061EBAD464003C2DCD /* Supporting Files */,
			);
			path = Hyphenate_Call;
			sourceTree = "<group>";
		};
		D28451061EBAD464003C2DCD /* Supporting Files */ = {
			isa = PBXGroup;
			children = (
				D28451071EBAD464003C2DCD /* main.m */,
				D284514D1EBAD50F003C2DCD /* HyphenateCall.pch */,
			);
			name = "Supporting Files";
			sourceTree = "<group>";
		};
		D284511F1EBAD464003C2DCD /* Hyphenate_CallTests */ = {
			isa = PBXGroup;
			children = (
				D28451201EBAD464003C2DCD /* Hyphenate_CallTests.m */,
				D28451221EBAD464003C2DCD /* Info.plist */,
			);
			path = Hyphenate_CallTests;
			sourceTree = "<group>";
		};
		D284512A1EBAD464003C2DCD /* Hyphenate_CallUITests */ = {
			isa = PBXGroup;
			children = (
				D284512B1EBAD464003C2DCD /* Hyphenate_CallUITests.m */,
				D284512D1EBAD464003C2DCD /* Info.plist */,
			);
			path = Hyphenate_CallUITests;
			sourceTree = "<group>";
		};
		D28451391EBAD475003C2DCD /* Call */ = {
			isa = PBXGroup;
			children = (
				D284513A1EBAD475003C2DCD /* FZActionView.h */,
				D284513B1EBAD475003C2DCD /* FZActionView.m */,
				D284513C1EBAD475003C2DCD /* FZCallController.h */,
				D284513D1EBAD475003C2DCD /* FZCallController.m */,
				D284513E1EBAD475003C2DCD /* FZHelper.h */,
				D284513F1EBAD475003C2DCD /* FZHelper.m */,
				D28451401EBAD475003C2DCD /* FZMenuView.h */,
				D28451411EBAD475003C2DCD /* FZMenuView.m */,
				D28451421EBAD475003C2DCD /* FZMenuViewController.h */,
				D28451431EBAD475003C2DCD /* FZMenuViewController.m */,
				D28451441EBAD475003C2DCD /* FZTopView.h */,
				D28451451EBAD475003C2DCD /* FZTopView.m */,
			);
			path = Call;
			sourceTree = "<group>";
		};
/* End PBXGroup section */

/* Begin PBXNativeTarget section */
		D28451021EBAD464003C2DCD /* Hyphenate_Call */ = {
			isa = PBXNativeTarget;
			buildConfigurationList = D28451301EBAD464003C2DCD /* Build configuration list for PBXNativeTarget "Hyphenate_Call" */;
			buildPhases = (
				521B39DFF73366227CE5A727 /* [CP] Check Pods Manifest.lock */,
				D28450FF1EBAD464003C2DCD /* Sources */,
				D28451001EBAD464003C2DCD /* Frameworks */,
				D28451011EBAD464003C2DCD /* Resources */,
				1C0132D2341D19282BBC11A4 /* [CP] Embed Pods Frameworks */,
				A08B510DB2B1DC71F27E925D /* [CP] Copy Pods Resources */,
			);
			buildRules = (
			);
			dependencies = (
			);
			name = Hyphenate_Call;
			productName = Hyphenate_Call;
			productReference = D28451031EBAD464003C2DCD /* Hyphenate_Call.app */;
			productType = "com.apple.product-type.application";
		};
		D284511B1EBAD464003C2DCD /* Hyphenate_CallTests */ = {
			isa = PBXNativeTarget;
			buildConfigurationList = D28451331EBAD464003C2DCD /* Build configuration list for PBXNativeTarget "Hyphenate_CallTests" */;
			buildPhases = (
				D28451181EBAD464003C2DCD /* Sources */,
				D28451191EBAD464003C2DCD /* Frameworks */,
				D284511A1EBAD464003C2DCD /* Resources */,
			);
			buildRules = (
			);
			dependencies = (
				D284511E1EBAD464003C2DCD /* PBXTargetDependency */,
			);
			name = Hyphenate_CallTests;
			productName = Hyphenate_CallTests;
			productReference = D284511C1EBAD464003C2DCD /* Hyphenate_CallTests.xctest */;
			productType = "com.apple.product-type.bundle.unit-test";
		};
		D28451261EBAD464003C2DCD /* Hyphenate_CallUITests */ = {
			isa = PBXNativeTarget;
			buildConfigurationList = D28451361EBAD464003C2DCD /* Build configuration list for PBXNativeTarget "Hyphenate_CallUITests" */;
			buildPhases = (
				D28451231EBAD464003C2DCD /* Sources */,
				D28451241EBAD464003C2DCD /* Frameworks */,
				D28451251EBAD464003C2DCD /* Resources */,
			);
			buildRules = (
			);
			dependencies = (
				D28451291EBAD464003C2DCD /* PBXTargetDependency */,
			);
			name = Hyphenate_CallUITests;
			productName = Hyphenate_CallUITests;
			productReference = D28451271EBAD464003C2DCD /* Hyphenate_CallUITests.xctest */;
			productType = "com.apple.product-type.bundle.ui-testing";
		};
/* End PBXNativeTarget section */

/* Begin PBXProject section */
		D28450FB1EBAD464003C2DCD /* Project object */ = {
			isa = PBXProject;
			attributes = {
				LastUpgradeCheck = 0820;
				ORGANIZATIONNAME = EaseMob;
				TargetAttributes = {
					D28451021EBAD464003C2DCD = {
						CreatedOnToolsVersion = 8.2.1;
						DevelopmentTeam = W3Y8E56A5H;
						ProvisioningStyle = Automatic;
					};
					D284511B1EBAD464003C2DCD = {
						CreatedOnToolsVersion = 8.2.1;
						ProvisioningStyle = Automatic;
						TestTargetID = D28451021EBAD464003C2DCD;
					};
					D28451261EBAD464003C2DCD = {
						CreatedOnToolsVersion = 8.2.1;
						ProvisioningStyle = Automatic;
						TestTargetID = D28451021EBAD464003C2DCD;
					};
				};
			};
			buildConfigurationList = D28450FE1EBAD464003C2DCD /* Build configuration list for PBXProject "Hyphenate_Call" */;
			compatibilityVersion = "Xcode 3.2";
			developmentRegion = English;
			hasScannedForEncodings = 0;
			knownRegions = (
				en,
				Base,
			);
			mainGroup = D28450FA1EBAD464003C2DCD;
			productRefGroup = D28451041EBAD464003C2DCD /* Products */;
			projectDirPath = "";
			projectRoot = "";
			targets = (
				D28451021EBAD464003C2DCD /* Hyphenate_Call */,
				D284511B1EBAD464003C2DCD /* Hyphenate_CallTests */,
				D28451261EBAD464003C2DCD /* Hyphenate_CallUITests */,
			);
		};
/* End PBXProject section */

/* Begin PBXResourcesBuildPhase section */
		D28451011EBAD464003C2DCD /* Resources */ = {
			isa = PBXResourcesBuildPhase;
			buildActionMask = 2147483647;
			files = (
				D28451161EBAD464003C2DCD /* LaunchScreen.storyboard in Resources */,
				D28451131EBAD464003C2DCD /* Assets.xcassets in Resources */,
				D28451111EBAD464003C2DCD /* Main.storyboard in Resources */,
			);
			runOnlyForDeploymentPostprocessing = 0;
		};
		D284511A1EBAD464003C2DCD /* Resources */ = {
			isa = PBXResourcesBuildPhase;
			buildActionMask = 2147483647;
			files = (
			);
			runOnlyForDeploymentPostprocessing = 0;
		};
		D28451251EBAD464003C2DCD /* Resources */ = {
			isa = PBXResourcesBuildPhase;
			buildActionMask = 2147483647;
			files = (
			);
			runOnlyForDeploymentPostprocessing = 0;
		};
/* End PBXResourcesBuildPhase section */

/* Begin PBXShellScriptBuildPhase section */
		1C0132D2341D19282BBC11A4 /* [CP] Embed Pods Frameworks */ = {
			isa = PBXShellScriptBuildPhase;
			buildActionMask = 2147483647;
			files = (
			);
			inputPaths = (
			);
			name = "[CP] Embed Pods Frameworks";
			outputPaths = (
			);
			runOnlyForDeploymentPostprocessing = 0;
			shellPath = /bin/sh;
			shellScript = "\"${SRCROOT}/Pods/Target Support Files/Pods-Hyphenate_Call/Pods-Hyphenate_Call-frameworks.sh\"\n";
			showEnvVarsInLog = 0;
		};
		521B39DFF73366227CE5A727 /* [CP] Check Pods Manifest.lock */ = {
			isa = PBXShellScriptBuildPhase;
			buildActionMask = 2147483647;
			files = (
			);
			inputPaths = (
			);
			name = "[CP] Check Pods Manifest.lock";
			outputPaths = (
			);
			runOnlyForDeploymentPostprocessing = 0;
			shellPath = /bin/sh;
			shellScript = "diff \"${PODS_ROOT}/../Podfile.lock\" \"${PODS_ROOT}/Manifest.lock\" > /dev/null\nif [[ $? != 0 ]] ; then\n    cat << EOM\nerror: The sandbox is not in sync with the Podfile.lock. Run 'pod install' or update your CocoaPods installation.\nEOM\n    exit 1\nfi\n";
			showEnvVarsInLog = 0;
		};
		A08B510DB2B1DC71F27E925D /* [CP] Copy Pods Resources */ = {
			isa = PBXShellScriptBuildPhase;
			buildActionMask = 2147483647;
			files = (
			);
			inputPaths = (
			);
			name = "[CP] Copy Pods Resources";
			outputPaths = (
			);
			runOnlyForDeploymentPostprocessing = 0;
			shellPath = /bin/sh;
			shellScript = "\"${SRCROOT}/Pods/Target Support Files/Pods-Hyphenate_Call/Pods-Hyphenate_Call-resources.sh\"\n";
			showEnvVarsInLog = 0;
		};
/* End PBXShellScriptBuildPhase section */

/* Begin PBXSourcesBuildPhase section */
		D28450FF1EBAD464003C2DCD /* Sources */ = {
			isa = PBXSourcesBuildPhase;
			buildActionMask = 2147483647;
			files = (
				D28451471EBAD475003C2DCD /* FZCallController.m in Sources */,
				D28451481EBAD475003C2DCD /* FZHelper.m in Sources */,
				D28451491EBAD475003C2DCD /* FZMenuView.m in Sources */,
				D284514B1EBAD475003C2DCD /* FZTopView.m in Sources */,
				D284510E1EBAD464003C2DCD /* ViewController.m in Sources */,
				D284510B1EBAD464003C2DCD /* AppDelegate.m in Sources */,
				D284514A1EBAD475003C2DCD /* FZMenuViewController.m in Sources */,
				D28451461EBAD475003C2DCD /* FZActionView.m in Sources */,
				D28451081EBAD464003C2DCD /* main.m in Sources */,
			);
			runOnlyForDeploymentPostprocessing = 0;
		};
		D28451181EBAD464003C2DCD /* Sources */ = {
			isa = PBXSourcesBuildPhase;
			buildActionMask = 2147483647;
			files = (
				D28451211EBAD464003C2DCD /* Hyphenate_CallTests.m in Sources */,
			);
			runOnlyForDeploymentPostprocessing = 0;
		};
		D28451231EBAD464003C2DCD /* Sources */ = {
			isa = PBXSourcesBuildPhase;
			buildActionMask = 2147483647;
			files = (
				D284512C1EBAD464003C2DCD /* Hyphenate_CallUITests.m in Sources */,
			);
			runOnlyForDeploymentPostprocessing = 0;
		};
/* End PBXSourcesBuildPhase section */

/* Begin PBXTargetDependency section */
		D284511E1EBAD464003C2DCD /* PBXTargetDependency */ = {
			isa = PBXTargetDependency;
			target = D28451021EBAD464003C2DCD /* Hyphenate_Call */;
			targetProxy = D284511D1EBAD464003C2DCD /* PBXContainerItemProxy */;
		};
		D28451291EBAD464003C2DCD /* PBXTargetDependency */ = {
			isa = PBXTargetDependency;
			target = D28451021EBAD464003C2DCD /* Hyphenate_Call */;
			targetProxy = D28451281EBAD464003C2DCD /* PBXContainerItemProxy */;
		};
/* End PBXTargetDependency section */

/* Begin PBXVariantGroup section */
		D284510F1EBAD464003C2DCD /* Main.storyboard */ = {
			isa = PBXVariantGroup;
			children = (
				D28451101EBAD464003C2DCD /* Base */,
			);
			name = Main.storyboard;
			sourceTree = "<group>";
		};
		D28451141EBAD464003C2DCD /* LaunchScreen.storyboard */ = {
			isa = PBXVariantGroup;
			children = (
				D28451151EBAD464003C2DCD /* Base */,
			);
			name = LaunchScreen.storyboard;
			sourceTree = "<group>";
		};
/* End PBXVariantGroup section */

/* Begin XCBuildConfiguration section */
		D284512E1EBAD464003C2DCD /* Debug */ = {
			isa = XCBuildConfiguration;
			buildSettings = {
				ALWAYS_SEARCH_USER_PATHS = NO;
				CLANG_ANALYZER_NONNULL = YES;
				CLANG_CXX_LANGUAGE_STANDARD = "gnu++0x";
				CLANG_CXX_LIBRARY = "libc++";
				CLANG_ENABLE_MODULES = YES;
				CLANG_ENABLE_OBJC_ARC = YES;
				CLANG_WARN_BOOL_CONVERSION = YES;
				CLANG_WARN_CONSTANT_CONVERSION = YES;
				CLANG_WARN_DIRECT_OBJC_ISA_USAGE = YES_ERROR;
				CLANG_WARN_DOCUMENTATION_COMMENTS = YES;
				CLANG_WARN_EMPTY_BODY = YES;
				CLANG_WARN_ENUM_CONVERSION = YES;
				CLANG_WARN_INFINITE_RECURSION = YES;
				CLANG_WARN_INT_CONVERSION = YES;
				CLANG_WARN_OBJC_ROOT_CLASS = YES_ERROR;
				CLANG_WARN_SUSPICIOUS_MOVE = YES;
				CLANG_WARN_UNREACHABLE_CODE = YES;
				CLANG_WARN__DUPLICATE_METHOD_MATCH = YES;
				"CODE_SIGN_IDENTITY[sdk=iphoneos*]" = "iPhone Developer";
				COPY_PHASE_STRIP = NO;
				DEBUG_INFORMATION_FORMAT = dwarf;
				ENABLE_STRICT_OBJC_MSGSEND = YES;
				ENABLE_TESTABILITY = YES;
				GCC_C_LANGUAGE_STANDARD = gnu99;
				GCC_DYNAMIC_NO_PIC = NO;
				GCC_NO_COMMON_BLOCKS = YES;
				GCC_OPTIMIZATION_LEVEL = 0;
				GCC_PREPROCESSOR_DEFINITIONS = (
					"DEBUG=1",
					"$(inherited)",
				);
				GCC_WARN_64_TO_32_BIT_CONVERSION = YES;
				GCC_WARN_ABOUT_RETURN_TYPE = YES_ERROR;
				GCC_WARN_UNDECLARED_SELECTOR = YES;
				GCC_WARN_UNINITIALIZED_AUTOS = YES_AGGRESSIVE;
				GCC_WARN_UNUSED_FUNCTION = YES;
				GCC_WARN_UNUSED_VARIABLE = YES;
				IPHONEOS_DEPLOYMENT_TARGET = 10.2;
				MTL_ENABLE_DEBUG_INFO = YES;
				ONLY_ACTIVE_ARCH = YES;
				SDKROOT = iphoneos;
				TARGETED_DEVICE_FAMILY = "1,2";
			};
			name = Debug;
		};
		D284512F1EBAD464003C2DCD /* Release */ = {
			isa = XCBuildConfiguration;
			buildSettings = {
				ALWAYS_SEARCH_USER_PATHS = NO;
				CLANG_ANALYZER_NONNULL = YES;
				CLANG_CXX_LANGUAGE_STANDARD = "gnu++0x";
				CLANG_CXX_LIBRARY = "libc++";
				CLANG_ENABLE_MODULES = YES;
				CLANG_ENABLE_OBJC_ARC = YES;
				CLANG_WARN_BOOL_CONVERSION = YES;
				CLANG_WARN_CONSTANT_CONVERSION = YES;
				CLANG_WARN_DIRECT_OBJC_ISA_USAGE = YES_ERROR;
				CLANG_WARN_DOCUMENTATION_COMMENTS = YES;
				CLANG_WARN_EMPTY_BODY = YES;
				CLANG_WARN_ENUM_CONVERSION = YES;
				CLANG_WARN_INFINITE_RECURSION = YES;
				CLANG_WARN_INT_CONVERSION = YES;
				CLANG_WARN_OBJC_ROOT_CLASS = YES_ERROR;
				CLANG_WARN_SUSPICIOUS_MOVE = YES;
				CLANG_WARN_UNREACHABLE_CODE = YES;
				CLANG_WARN__DUPLICATE_METHOD_MATCH = YES;
				"CODE_SIGN_IDENTITY[sdk=iphoneos*]" = "iPhone Developer";
				COPY_PHASE_STRIP = NO;
				DEBUG_INFORMATION_FORMAT = "dwarf-with-dsym";
				ENABLE_NS_ASSERTIONS = NO;
				ENABLE_STRICT_OBJC_MSGSEND = YES;
				GCC_C_LANGUAGE_STANDARD = gnu99;
				GCC_NO_COMMON_BLOCKS = YES;
				GCC_WARN_64_TO_32_BIT_CONVERSION = YES;
				GCC_WARN_ABOUT_RETURN_TYPE = YES_ERROR;
				GCC_WARN_UNDECLARED_SELECTOR = YES;
				GCC_WARN_UNINITIALIZED_AUTOS = YES_AGGRESSIVE;
				GCC_WARN_UNUSED_FUNCTION = YES;
				GCC_WARN_UNUSED_VARIABLE = YES;
				IPHONEOS_DEPLOYMENT_TARGET = 10.2;
				MTL_ENABLE_DEBUG_INFO = NO;
				SDKROOT = iphoneos;
				TARGETED_DEVICE_FAMILY = "1,2";
				VALIDATE_PRODUCT = YES;
			};
			name = Release;
		};
		D28451311EBAD464003C2DCD /* Debug */ = {
			isa = XCBuildConfiguration;
			baseConfigurationReference = 6271C83E2458DE854C880BFF /* Pods-Hyphenate_Call.debug.xcconfig */;
			buildSettings = {
				ASSETCATALOG_COMPILER_APPICON_NAME = AppIcon;
				DEVELOPMENT_TEAM = W3Y8E56A5H;
				GCC_PREFIX_HEADER = "$(SRCROOT)/Hyphenate_Call/HyphenateCall.pch";
				INFOPLIST_FILE = Hyphenate_Call/Info.plist;
				IPHONEOS_DEPLOYMENT_TARGET = 8.0;
				LD_RUNPATH_SEARCH_PATHS = "$(inherited) @executable_path/Frameworks";
				PRODUCT_BUNDLE_IDENTIFIER = "FZ.Hyphenate-Call";
				PRODUCT_NAME = "$(TARGET_NAME)";
			};
			name = Debug;
		};
		D28451321EBAD464003C2DCD /* Release */ = {
			isa = XCBuildConfiguration;
			baseConfigurationReference = 075A1C2D9969E11329EC9A4E /* Pods-Hyphenate_Call.release.xcconfig */;
			buildSettings = {
				ASSETCATALOG_COMPILER_APPICON_NAME = AppIcon;
				DEVELOPMENT_TEAM = W3Y8E56A5H;
				GCC_PREFIX_HEADER = "$(SRCROOT)/Hyphenate_Call/HyphenateCall.pch";
				INFOPLIST_FILE = Hyphenate_Call/Info.plist;
				IPHONEOS_DEPLOYMENT_TARGET = 8.0;
				LD_RUNPATH_SEARCH_PATHS = "$(inherited) @executable_path/Frameworks";
				PRODUCT_BUNDLE_IDENTIFIER = "FZ.Hyphenate-Call";
				PRODUCT_NAME = "$(TARGET_NAME)";
			};
			name = Release;
		};
		D28451341EBAD464003C2DCD /* Debug */ = {
			isa = XCBuildConfiguration;
			buildSettings = {
				BUNDLE_LOADER = "$(TEST_HOST)";
				INFOPLIST_FILE = Hyphenate_CallTests/Info.plist;
				LD_RUNPATH_SEARCH_PATHS = "$(inherited) @executable_path/Frameworks @loader_path/Frameworks";
				PRODUCT_BUNDLE_IDENTIFIER = "FZ.Hyphenate-CallTests";
				PRODUCT_NAME = "$(TARGET_NAME)";
				TEST_HOST = "$(BUILT_PRODUCTS_DIR)/Hyphenate_Call.app/Hyphenate_Call";
			};
			name = Debug;
		};
		D28451351EBAD464003C2DCD /* Release */ = {
			isa = XCBuildConfiguration;
			buildSettings = {
				BUNDLE_LOADER = "$(TEST_HOST)";
				INFOPLIST_FILE = Hyphenate_CallTests/Info.plist;
				LD_RUNPATH_SEARCH_PATHS = "$(inherited) @executable_path/Frameworks @loader_path/Frameworks";
				PRODUCT_BUNDLE_IDENTIFIER = "FZ.Hyphenate-CallTests";
				PRODUCT_NAME = "$(TARGET_NAME)";
				TEST_HOST = "$(BUILT_PRODUCTS_DIR)/Hyphenate_Call.app/Hyphenate_Call";
			};
			name = Release;
		};
		D28451371EBAD464003C2DCD /* Debug */ = {
			isa = XCBuildConfiguration;
			buildSettings = {
				INFOPLIST_FILE = Hyphenate_CallUITests/Info.plist;
				LD_RUNPATH_SEARCH_PATHS = "$(inherited) @executable_path/Frameworks @loader_path/Frameworks";
				PRODUCT_BUNDLE_IDENTIFIER = "FZ.Hyphenate-CallUITests";
				PRODUCT_NAME = "$(TARGET_NAME)";
				TEST_TARGET_NAME = Hyphenate_Call;
			};
			name = Debug;
		};
		D28451381EBAD464003C2DCD /* Release */ = {
			isa = XCBuildConfiguration;
			buildSettings = {
				INFOPLIST_FILE = Hyphenate_CallUITests/Info.plist;
				LD_RUNPATH_SEARCH_PATHS = "$(inherited) @executable_path/Frameworks @loader_path/Frameworks";
				PRODUCT_BUNDLE_IDENTIFIER = "FZ.Hyphenate-CallUITests";
				PRODUCT_NAME = "$(TARGET_NAME)";
				TEST_TARGET_NAME = Hyphenate_Call;
			};
			name = Release;
		};
/* End XCBuildConfiguration section */

/* Begin XCConfigurationList section */
		D28450FE1EBAD464003C2DCD /* Build configuration list for PBXProject "Hyphenate_Call" */ = {
			isa = XCConfigurationList;
			buildConfigurations = (
				D284512E1EBAD464003C2DCD /* Debug */,
				D284512F1EBAD464003C2DCD /* Release */,
			);
			defaultConfigurationIsVisible = 0;
			defaultConfigurationName = Release;
		};
		D28451301EBAD464003C2DCD /* Build configuration list for PBXNativeTarget "Hyphenate_Call" */ = {
			isa = XCConfigurationList;
			buildConfigurations = (
				D28451311EBAD464003C2DCD /* Debug */,
				D28451321EBAD464003C2DCD /* Release */,
			);
			defaultConfigurationIsVisible = 0;
			defaultConfigurationName = Release;
		};
		D28451331EBAD464003C2DCD /* Build configuration list for PBXNativeTarget "Hyphenate_CallTests" */ = {
			isa = XCConfigurationList;
			buildConfigurations = (
				D28451341EBAD464003C2DCD /* Debug */,
				D28451351EBAD464003C2DCD /* Release */,
			);
			defaultConfigurationIsVisible = 0;
			defaultConfigurationName = Release;
		};
		D28451361EBAD464003C2DCD /* Build configuration list for PBXNativeTarget "Hyphenate_CallUITests" */ = {
			isa = XCConfigurationList;
			buildConfigurations = (
				D28451371EBAD464003C2DCD /* Debug */,
				D28451381EBAD464003C2DCD /* Release */,
			);
			defaultConfigurationIsVisible = 0;
			defaultConfigurationName = Release;
		};
/* End XCConfigurationList section */
	};
	rootObject = D28450FB1EBAD464003C2DCD /* Project object */;
}
